
Microsoft Visual Studio Solution File, Format Version 12.00
# Visual Studio Version 17
VisualStudioVersion = 17.13.35931.197 d17.13
MinimumVisualStudioVersion = 10.0.40219.1
Project("{D2ABAB84-BF74-430A-B69E-9DC6D40DDA17}") = "Cubo Datamart BiciMundo", "Cubo Datamart BiciMundo\Cubo Datamart BiciMundo.dwproj", "{11B42CBD-AB65-E718-DD95-3A16800E9B75}"
EndProject
Global
	GlobalSection(SolutionConfigurationPlatforms) = preSolution
		Development|Default = Development|Default
	EndGlobalSection
	GlobalSection(ProjectConfigurationPlatforms) = postSolution
		{11B42CBD-AB65-E718-DD95-3A16800E9B75}.Development|Default.ActiveCfg = Development
		{11B42CBD-AB65-E718-DD95-3A16800E9B75}.Development|Default.Build.0 = Development
		{11B42CBD-AB65-E718-DD95-3A16800E9B75}.Development|Default.Deploy.0 = Development
	EndGlobalSection
	GlobalSection(SolutionProperties) = preSolution
		HideSolutionNode = FALSE
	EndGlobalSection
	GlobalSection(ExtensibilityGlobals) = postSolution
		SolutionGuid = {EB287917-CD48-49AD-9FC6-552A2149B3F1}
	EndGlobalSection
EndGlobal
